
Microsoft Visual Studio Solution File, Format Version 12.00
# Visual Studio Version 16
VisualStudioVersion = 16.0.30717.126
MinimumVisualStudioVersion = 10.0.40219.1
Project("{9A19103F-16F7-4668-BE54-9A1E7A4F7556}") = "CleanCodeLab4", "CleanCodeLab4\CleanCodeLab4.csproj", "{F651305E-4F24-4F33-AC7F-9D26A9919AEA}"
EndProject
Project("{9A19103F-16F7-4668-BE54-9A1E7A4F7556}") = "Lab4AdditionCalculationService", "Lab4AdditionCalculationService\Lab4AdditionCalculationService.csproj", "{E45BE0C4-0D58-43ED-8F45-2E3E39DDDFCC}"
EndProject
Project("{9A19103F-16F7-4668-BE54-9A1E7A4F7556}") = "AdditionCalculationTests", "AdditionCalculationTests\AdditionCalculationTests.csproj", "{BA1C45C8-C0D5-4D94-9119-0F89CBC02B52}"
EndProject
Project("{9A19103F-16F7-4668-BE54-9A1E7A4F7556}") = "CleanCodeLab4Tests", "CleanCodeLab4Tests\CleanCodeLab4Tests.csproj", "{055F0EC1-FE46-4EBD-8649-5E5831EBF484}"
EndProject
Project("{E53339B2-1760-4266-BCC7-CA923CBCF16C}") = "docker-compose", "docker-compose.dcproj", "{A558CE03-F2F0-4F9F-94D3-BF57A0EE4FC7}"
EndProject
Global
	GlobalSection(SolutionConfigurationPlatforms) = preSolution
		Debug|Any CPU = Debug|Any CPU
		Release|Any CPU = Release|Any CPU
	EndGlobalSection
	GlobalSection(ProjectConfigurationPlatforms) = postSolution
		{F651305E-4F24-4F33-AC7F-9D26A9919AEA}.Debug|Any CPU.ActiveCfg = Debug|Any CPU
		{F651305E-4F24-4F33-AC7F-9D26A9919AEA}.Debug|Any CPU.Build.0 = Debug|Any CPU
		{F651305E-4F24-4F33-AC7F-9D26A9919AEA}.Release|Any CPU.ActiveCfg = Release|Any CPU
		{F651305E-4F24-4F33-AC7F-9D26A9919AEA}.Release|Any CPU.Build.0 = Release|Any CPU
		{E45BE0C4-0D58-43ED-8F45-2E3E39DDDFCC}.Debug|Any CPU.ActiveCfg = Debug|Any CPU
		{E45BE0C4-0D58-43ED-8F45-2E3E39DDDFCC}.Debug|Any CPU.Build.0 = Debug|Any CPU
		{E45BE0C4-0D58-43ED-8F45-2E3E39DDDFCC}.Release|Any CPU.ActiveCfg = Release|Any CPU
		{E45BE0C4-0D58-43ED-8F45-2E3E39DDDFCC}.Release|Any CPU.Build.0 = Release|Any CPU
		{BA1C45C8-C0D5-4D94-9119-0F89CBC02B52}.Debug|Any CPU.ActiveCfg = Debug|Any CPU
		{BA1C45C8-C0D5-4D94-9119-0F89CBC02B52}.Debug|Any CPU.Build.0 = Debug|Any CPU
		{BA1C45C8-C0D5-4D94-9119-0F89CBC02B52}.Release|Any CPU.ActiveCfg = Release|Any CPU
		{BA1C45C8-C0D5-4D94-9119-0F89CBC02B52}.Release|Any CPU.Build.0 = Release|Any CPU
		{055F0EC1-FE46-4EBD-8649-5E5831EBF484}.Debug|Any CPU.ActiveCfg = Debug|Any CPU
		{055F0EC1-FE46-4EBD-8649-5E5831EBF484}.Debug|Any CPU.Build.0 = Debug|Any CPU
		{055F0EC1-FE46-4EBD-8649-5E5831EBF484}.Release|Any CPU.ActiveCfg = Release|Any CPU
		{055F0EC1-FE46-4EBD-8649-5E5831EBF484}.Release|Any CPU.Build.0 = Release|Any CPU
		{A558CE03-F2F0-4F9F-94D3-BF57A0EE4FC7}.Debug|Any CPU.ActiveCfg = Debug|Any CPU
		{A558CE03-F2F0-4F9F-94D3-BF57A0EE4FC7}.Debug|Any CPU.Build.0 = Debug|Any CPU
		{A558CE03-F2F0-4F9F-94D3-BF57A0EE4FC7}.Release|Any CPU.ActiveCfg = Release|Any CPU
		{A558CE03-F2F0-4F9F-94D3-BF57A0EE4FC7}.Release|Any CPU.Build.0 = Release|Any CPU
	EndGlobalSection
	GlobalSection(SolutionProperties) = preSolution
		HideSolutionNode = FALSE
	EndGlobalSection
	GlobalSection(ExtensibilityGlobals) = postSolution
		SolutionGuid = {0D6BB012-F339-4BF9-9EE2-C69B6B6AD947}
	EndGlobalSection
EndGlobal
