
Microsoft Visual Studio Solution File, Format Version 12.00
# Visual Studio Version 16
VisualStudioVersion = 16.0.30717.126
MinimumVisualStudioVersion = 10.0.40219.1
Project("{9A19103F-16F7-4668-BE54-9A1E7A4F7556}") = "CleanCodeLab4", "CleanCodeLab4\CleanCodeLab4.csproj", "{F651305E-4F24-4F33-AC7F-9D26A9919AEA}"
EndProject
Project("{9A19103F-16F7-4668-BE54-9A1E7A4F7556}") = "Lab4AdditionCalculationService", "Lab4AdditionCalculationService\Lab4AdditionCalculationService.csproj", "{E45BE0C4-0D58-43ED-8F45-2E3E39DDDFCC}"
EndProject
Project("{9A19103F-16F7-4668-BE54-9A1E7A4F7556}") = "CleanCodeLab4Tests", "CleanCodeLab4Tests\CleanCodeLab4Tests.csproj", "{055F0EC1-FE46-4EBD-8649-5E5831EBF484}"
EndProject
Project("{E53339B2-1760-4266-BCC7-CA923CBCF16C}") = "docker-compose", "docker-compose.dcproj", "{A22CE2B1-545A-4B74-ADA6-3D137961F9A8}"
EndProject
Project("{9A19103F-16F7-4668-BE54-9A1E7A4F7556}") = "Lab4DivisionCalculationService", "Lab4DivisionCalculationService\Lab4DivisionCalculationService.csproj", "{A0141241-6808-4CEB-BAEF-590A9610FDF6}"
EndProject
Project("{9A19103F-16F7-4668-BE54-9A1E7A4F7556}") = "Lab4MultiplicationCalculationService", "Lab4MultiplicationCalculationService\Lab4MultiplicationCalculationService.csproj", "{42DD4553-F789-4297-8824-EC3EE7CD32E0}"
EndProject
Project("{9A19103F-16F7-4668-BE54-9A1E7A4F7556}") = "Lab4MySql", "Lab4MySql\Lab4MySql.csproj", "{6F3FE565-89AB-42CD-B0C7-8606E547E601}"
EndProject
Project("{9A19103F-16F7-4668-BE54-9A1E7A4F7556}") = "Lab4Models", "Lab4Models\Lab4Models.csproj", "{ED0B3A51-C0D6-4288-AC7A-3D9E8DDDBA7F}"
EndProject
Project("{9A19103F-16F7-4668-BE54-9A1E7A4F7556}") = "CalculationTests", "CalculationTests\CalculationTests.csproj", "{BE087B51-132C-4D1E-8235-ACDDF228C8C3}"
EndProject
Project("{2150E333-8FDC-42A3-9474-1A3956D46DE8}") = "Solution Items", "Solution Items", "{BAA5905A-A276-4C31-A346-6585282D9001}"
	ProjectSection(SolutionItems) = preProject
		ReadMe.md = ReadMe.md
	EndProjectSection
EndProject
Project("{2150E333-8FDC-42A3-9474-1A3956D46DE8}") = "Tests", "Tests", "{243BEEBF-7CBE-4321-B2E6-F07542D33082}"
EndProject
Global
	GlobalSection(SolutionConfigurationPlatforms) = preSolution
		Debug|Any CPU = Debug|Any CPU
		Release|Any CPU = Release|Any CPU
	EndGlobalSection
	GlobalSection(ProjectConfigurationPlatforms) = postSolution
		{F651305E-4F24-4F33-AC7F-9D26A9919AEA}.Debug|Any CPU.ActiveCfg = Debug|Any CPU
		{F651305E-4F24-4F33-AC7F-9D26A9919AEA}.Debug|Any CPU.Build.0 = Debug|Any CPU
		{F651305E-4F24-4F33-AC7F-9D26A9919AEA}.Release|Any CPU.ActiveCfg = Release|Any CPU
		{F651305E-4F24-4F33-AC7F-9D26A9919AEA}.Release|Any CPU.Build.0 = Release|Any CPU
		{E45BE0C4-0D58-43ED-8F45-2E3E39DDDFCC}.Debug|Any CPU.ActiveCfg = Debug|Any CPU
		{E45BE0C4-0D58-43ED-8F45-2E3E39DDDFCC}.Debug|Any CPU.Build.0 = Debug|Any CPU
		{E45BE0C4-0D58-43ED-8F45-2E3E39DDDFCC}.Release|Any CPU.ActiveCfg = Release|Any CPU
		{E45BE0C4-0D58-43ED-8F45-2E3E39DDDFCC}.Release|Any CPU.Build.0 = Release|Any CPU
		{055F0EC1-FE46-4EBD-8649-5E5831EBF484}.Debug|Any CPU.ActiveCfg = Debug|Any CPU
		{055F0EC1-FE46-4EBD-8649-5E5831EBF484}.Debug|Any CPU.Build.0 = Debug|Any CPU
		{055F0EC1-FE46-4EBD-8649-5E5831EBF484}.Release|Any CPU.ActiveCfg = Release|Any CPU
		{055F0EC1-FE46-4EBD-8649-5E5831EBF484}.Release|Any CPU.Build.0 = Release|Any CPU
		{A22CE2B1-545A-4B74-ADA6-3D137961F9A8}.Debug|Any CPU.ActiveCfg = Debug|Any CPU
		{A22CE2B1-545A-4B74-ADA6-3D137961F9A8}.Release|Any CPU.ActiveCfg = Release|Any CPU
		{A22CE2B1-545A-4B74-ADA6-3D137961F9A8}.Release|Any CPU.Build.0 = Release|Any CPU
		{A0141241-6808-4CEB-BAEF-590A9610FDF6}.Debug|Any CPU.ActiveCfg = Debug|Any CPU
		{A0141241-6808-4CEB-BAEF-590A9610FDF6}.Debug|Any CPU.Build.0 = Debug|Any CPU
		{A0141241-6808-4CEB-BAEF-590A9610FDF6}.Release|Any CPU.ActiveCfg = Release|Any CPU
		{A0141241-6808-4CEB-BAEF-590A9610FDF6}.Release|Any CPU.Build.0 = Release|Any CPU
		{42DD4553-F789-4297-8824-EC3EE7CD32E0}.Debug|Any CPU.ActiveCfg = Debug|Any CPU
		{42DD4553-F789-4297-8824-EC3EE7CD32E0}.Debug|Any CPU.Build.0 = Debug|Any CPU
		{42DD4553-F789-4297-8824-EC3EE7CD32E0}.Release|Any CPU.ActiveCfg = Release|Any CPU
		{42DD4553-F789-4297-8824-EC3EE7CD32E0}.Release|Any CPU.Build.0 = Release|Any CPU
		{6F3FE565-89AB-42CD-B0C7-8606E547E601}.Debug|Any CPU.ActiveCfg = Debug|Any CPU
		{6F3FE565-89AB-42CD-B0C7-8606E547E601}.Debug|Any CPU.Build.0 = Debug|Any CPU
		{6F3FE565-89AB-42CD-B0C7-8606E547E601}.Release|Any CPU.ActiveCfg = Release|Any CPU
		{6F3FE565-89AB-42CD-B0C7-8606E547E601}.Release|Any CPU.Build.0 = Release|Any CPU
		{ED0B3A51-C0D6-4288-AC7A-3D9E8DDDBA7F}.Debug|Any CPU.ActiveCfg = Debug|Any CPU
		{ED0B3A51-C0D6-4288-AC7A-3D9E8DDDBA7F}.Debug|Any CPU.Build.0 = Debug|Any CPU
		{ED0B3A51-C0D6-4288-AC7A-3D9E8DDDBA7F}.Release|Any CPU.ActiveCfg = Release|Any CPU
		{ED0B3A51-C0D6-4288-AC7A-3D9E8DDDBA7F}.Release|Any CPU.Build.0 = Release|Any CPU
		{BE087B51-132C-4D1E-8235-ACDDF228C8C3}.Debug|Any CPU.ActiveCfg = Debug|Any CPU
		{BE087B51-132C-4D1E-8235-ACDDF228C8C3}.Debug|Any CPU.Build.0 = Debug|Any CPU
		{BE087B51-132C-4D1E-8235-ACDDF228C8C3}.Release|Any CPU.ActiveCfg = Release|Any CPU
		{BE087B51-132C-4D1E-8235-ACDDF228C8C3}.Release|Any CPU.Build.0 = Release|Any CPU
	EndGlobalSection
	GlobalSection(SolutionProperties) = preSolution
		HideSolutionNode = FALSE
	EndGlobalSection
	GlobalSection(NestedProjects) = preSolution
		{055F0EC1-FE46-4EBD-8649-5E5831EBF484} = {243BEEBF-7CBE-4321-B2E6-F07542D33082}
		{BE087B51-132C-4D1E-8235-ACDDF228C8C3} = {243BEEBF-7CBE-4321-B2E6-F07542D33082}
	EndGlobalSection
	GlobalSection(ExtensibilityGlobals) = postSolution
		SolutionGuid = {0D6BB012-F339-4BF9-9EE2-C69B6B6AD947}
	EndGlobalSection
EndGlobal
